# @generated - this file is auto-generated by `mise lock` https://mise.en.dev/dev-tools/mise-lock.html

[[tools.cosign]]
version = "3.1.1"
backend = "aqua:sigstore/cosign"

[tools.cosign."platforms.linux-arm64"]
checksum = "sha256:2ec865872e331c32fd12b08dae15332d3f92c0aa029219589684a4903ca85d11"
url = "https://github.com/sigstore/cosign/releases/download/v3.1.1/cosign-linux-arm64"
provenance = "cosign"

[tools.cosign."platforms.linux-x64"]
checksum = "sha256:ae1ecd212663f3693ad9edf8b1a183900c9a52d3155ba6e354237f9a0f6463fc"
url = "https://github.com/sigstore/cosign/releases/download/v3.1.1/cosign-linux-amd64"
provenance = "cosign"

[tools.cosign."platforms.macos-arm64"]
checksum = "sha256:94b42a9e697be95675f6160ab031a9a5f1ec1e646d6f648d7b2f5cd59ececbc5"
url = "https://github.com/sigstore/cosign/releases/download/v3.1.1/cosign-darwin-arm64"
provenance = "cosign"

[tools.cosign."platforms.macos-x64"]
checksum = "sha256:14d2678dfbfde18798151e86fbd91ebdadbb7424b18412a42a155dd8a2df4c7a"
url = "https://github.com/sigstore/cosign/releases/download/v3.1.1/cosign-darwin-amd64"
provenance = "cosign"

[[tools.go]]
version = "1.26.4"
backend = "core:go"

[tools.go."platforms.linux-arm64"]
checksum = "sha256:ef758ae7c6cf9267c9c0ef080b8965f453d89ab2d25d9eb22de4405925238768"
url = "https://dl.google.com/go/go1.26.4.linux-arm64.tar.gz"

[tools.go."platforms.linux-arm64-musl"]
checksum = "sha256:ef758ae7c6cf9267c9c0ef080b8965f453d89ab2d25d9eb22de4405925238768"
url = "https://dl.google.com/go/go1.26.4.linux-arm64.tar.gz"

[tools.go."platforms.linux-x64"]
checksum = "sha256:1153d3d50e0ac764b447adfe05c2bcf08e889d42a02e0fe0259bd47f6733ad7f"
url = "https://dl.google.com/go/go1.26.4.linux-amd64.tar.gz"

[tools.go."platforms.linux-x64-musl"]
checksum = "sha256:1153d3d50e0ac764b447adfe05c2bcf08e889d42a02e0fe0259bd47f6733ad7f"
url = "https://dl.google.com/go/go1.26.4.linux-amd64.tar.gz"

[tools.go."platforms.macos-arm64"]
checksum = "sha256:b62ad2b6d7d2464f12a5bcad7ff47f19d08325773b5efd21610e445a05a9bf53"
url = "https://dl.google.com/go/go1.26.4.darwin-arm64.tar.gz"

[tools.go."platforms.macos-x64"]
checksum = "sha256:05dc9b5f9997744520aaebb3d5deaa7c755371aebbfb7f97c2511a9f3367538d"
url = "https://dl.google.com/go/go1.26.4.darwin-amd64.tar.gz"

[tools.go."platforms.windows-x64"]
checksum = "sha256:3ca8fb4630b07c419cbdd51f754e31363cfcfb83b3a5354d9e895c90be2cc345"
url = "https://dl.google.com/go/go1.26.4.windows-amd64.zip"

[[tools.golangci-lint]]
version = "2.12.2"
backend = "aqua:golangci/golangci-lint"

[tools.golangci-lint."platforms.linux-arm64"]
checksum = "sha256:44cd40a8c76c86755375adfeea52cfd3533cb43d7bd647771e0ae065e166df3a"
url = "https://github.com/golangci/golangci-lint/releases/download/v2.12.2/golangci-lint-2.12.2-linux-arm64.tar.gz"
provenance = "github-attestations"

[tools.golangci-lint."platforms.linux-x64"]
checksum = "sha256:8df580d2670fed8fa984aac0507099af8df275e665215f5c7a2ae3943893a553"
url = "https://github.com/golangci/golangci-lint/releases/download/v2.12.2/golangci-lint-2.12.2-linux-amd64.tar.gz"
provenance = "github-attestations"

[tools.golangci-lint."platforms.macos-arm64"]
checksum = "sha256:a9c54498731b3128f79e090be6110f3e5fffccc617b08142ed244d4126c73f29"
url = "https://github.com/golangci/golangci-lint/releases/download/v2.12.2/golangci-lint-2.12.2-darwin-arm64.tar.gz"
provenance = "github-attestations"

[tools.golangci-lint."platforms.macos-x64"]
checksum = "sha256:f6f06d94b6241521c53d15450c5209b028270bf966f842afb11c030c79f5bc16"
url = "https://github.com/golangci/golangci-lint/releases/download/v2.12.2/golangci-lint-2.12.2-darwin-amd64.tar.gz"
provenance = "github-attestations"

[[tools.helm]]
version = "4.2.2"
backend = "aqua:helm/helm"

[tools.helm."platforms.linux-arm64"]
checksum = "sha256:78803142087a0069fa4b50d3f32a84d3ef25c14d1ee8a40fbccf86a6216d2f36"
url = "https://get.helm.sh/helm-v4.2.2-linux-arm64.tar.gz"

[tools.helm."platforms.linux-x64"]
checksum = "sha256:9adafecab4d406853bba163a70e9f104f47dbbf65ce24b7653bae7e36150bcb6"
url = "https://get.helm.sh/helm-v4.2.2-linux-amd64.tar.gz"

[tools.helm."platforms.macos-arm64"]
checksum = "sha256:5410a0dae3d5d91f45653b161260d9301aabc4ae80ae50a6605d66884b6df8ea"
url = "https://get.helm.sh/helm-v4.2.2-darwin-arm64.tar.gz"

[tools.helm."platforms.macos-x64"]
checksum = "sha256:10c1e36ee8c5f2e2ee25a16599cb03ab74c0953cd889cacb980a49ba4b6574ba"
url = "https://get.helm.sh/helm-v4.2.2-darwin-amd64.tar.gz"

[[tools.kind]]
version = "0.32.0"
backend = "aqua:kubernetes-sigs/kind"

[tools.kind."platforms.linux-arm64"]
checksum = "sha256:b92cd615e97585de8ddade28ed5cd7feb4248d717c233eea5b03c37298900f5d"
url = "https://github.com/kubernetes-sigs/kind/releases/download/v0.32.0/kind-linux-arm64"

[tools.kind."platforms.linux-x64"]
checksum = "sha256:50030de23cf40a18505f20426f6a8506bedf13c6e509244bd1fa9463721b0f54"
url = "https://github.com/kubernetes-sigs/kind/releases/download/v0.32.0/kind-linux-amd64"

[tools.kind."platforms.macos-arm64"]
checksum = "sha256:dca67911095a110c2b5c36e26df6cac860c602033e456c0db47be498cdef1ebb"
url = "https://github.com/kubernetes-sigs/kind/releases/download/v0.32.0/kind-darwin-arm64"

[tools.kind."platforms.macos-x64"]
checksum = "sha256:295ac6d0d634c9819c9907df45e3017d1f13166bd13c3404c45e79f7faa47498"
url = "https://github.com/kubernetes-sigs/kind/releases/download/v0.32.0/kind-darwin-amd64"

[[tools.kube-controller-tools]]
version = "0.21.0"
backend = "github:kubernetes-sigs/controller-tools"

[tools.kube-controller-tools."platforms.linux-arm64"]
checksum = "sha256:1af64bb144658c61f1b61c6392e17d56dd4f7364497625613ff435d7e468f60b"
url = "https://github.com/kubernetes-sigs/controller-tools/releases/download/v0.21.0/controller-gen-linux-arm64"
url_api = "https://api.github.com/repos/kubernetes-sigs/controller-tools/releases/assets/413514955"

[tools.kube-controller-tools."platforms.linux-x64"]
checksum = "sha256:3ec7994b7a41515a7ad8aef8e517429c0a78060df59d5587ac8662db6a8b035f"
url = "https://github.com/kubernetes-sigs/controller-tools/releases/download/v0.21.0/controller-gen-linux-amd64"
url_api = "https://api.github.com/repos/kubernetes-sigs/controller-tools/releases/assets/413514957"

[tools.kube-controller-tools."platforms.macos-arm64"]
checksum = "sha256:13ac7abcd90dd2129da972024bea7da5be7df2c5404c8f715010490996f4ab43"
url = "https://github.com/kubernetes-sigs/controller-tools/releases/download/v0.21.0/controller-gen-darwin-arm64"
url_api = "https://api.github.com/repos/kubernetes-sigs/controller-tools/releases/assets/413514954"

[tools.kube-controller-tools."platforms.macos-x64"]
checksum = "sha256:96fc4e98d7144e37bae90b73631c9dad944ccfb69002fc7c9d1ab448babb207d"
url = "https://github.com/kubernetes-sigs/controller-tools/releases/download/v0.21.0/controller-gen-darwin-amd64"
url_api = "https://api.github.com/repos/kubernetes-sigs/controller-tools/releases/assets/413514958"

[[tools.kubebuilder]]
version = "4.15.0"
backend = "aqua:kubernetes-sigs/kubebuilder"

[tools.kubebuilder."platforms.linux-arm64"]
checksum = "sha256:bd99723fc106502f64a3541b9c5b7079bc68961a76df4f465893e311b594d295"
url = "https://github.com/kubernetes-sigs/kubebuilder/releases/download/v4.15.0/kubebuilder_linux_arm64"

[tools.kubebuilder."platforms.linux-x64"]
checksum = "sha256:9632ba818c35e10d9664f19090972ee5d667bdffbf4b83c34e8374c5e846afa2"
url = "https://github.com/kubernetes-sigs/kubebuilder/releases/download/v4.15.0/kubebuilder_linux_amd64"

[tools.kubebuilder."platforms.macos-arm64"]
checksum = "sha256:8a8b2806c352f3e0749d315ecea91a352b2ce9321af927fca823a1604bd3530a"
url = "https://github.com/kubernetes-sigs/kubebuilder/releases/download/v4.15.0/kubebuilder_darwin_arm64"

[tools.kubebuilder."platforms.macos-x64"]
checksum = "sha256:c1e2fd86b7e2e392cd26b77a72bb9665511435ecdeefb16712820ba5da3e666b"
url = "https://github.com/kubernetes-sigs/kubebuilder/releases/download/v4.15.0/kubebuilder_darwin_amd64"

[[tools.kubectl]]
version = "1.36.2"
backend = "aqua:kubernetes/kubernetes/kubectl"

[tools.kubectl."platforms.linux-arm64"]
checksum = "sha256:c957eb8c4bea27a3bb35b269edd9082e27f027f7b76b20b5bf4afebc726c6d3e"
url = "https://dl.k8s.io/v1.36.2/bin/linux/arm64/kubectl"

[tools.kubectl."platforms.linux-x64"]
checksum = "sha256:1e9045ec32bea85da43de85f0065358529ea7c7a152eca78154fba5b58c27d82"
url = "https://dl.k8s.io/v1.36.2/bin/linux/amd64/kubectl"

[tools.kubectl."platforms.macos-arm64"]
checksum = "sha256:4408c85c83fd3a31adaa555bdf3c7a6c81f74b19449a9060ba31ab91926f023d"
url = "https://dl.k8s.io/v1.36.2/bin/darwin/arm64/kubectl"

[tools.kubectl."platforms.macos-x64"]
checksum = "sha256:ce6c5e55cd17559e87e4fb5e73ebbbc2511bcf2b695d7a40c1b1461a9817d4b3"
url = "https://dl.k8s.io/v1.36.2/bin/darwin/amd64/kubectl"

[[tools.kustomize]]
version = "5.8.1"
backend = "aqua:kubernetes-sigs/kustomize"

[tools.kustomize."platforms.linux-arm64"]
checksum = "sha256:0953ea3e476f66d6ddfcd911d750f5167b9365aa9491b2326398e289fef2c142"
url = "https://github.com/kubernetes-sigs/kustomize/releases/download/kustomize/v5.8.1/kustomize_v5.8.1_linux_arm64.tar.gz"

[tools.kustomize."platforms.linux-x64"]
checksum = "sha256:029a7f0f4e1932c52a0476cf02a0fd855c0bb85694b82c338fc648dcb53a819d"
url = "https://github.com/kubernetes-sigs/kustomize/releases/download/kustomize/v5.8.1/kustomize_v5.8.1_linux_amd64.tar.gz"

[tools.kustomize."platforms.macos-arm64"]
checksum = "sha256:8886f8a78474e608cc81234f729fda188a9767da23e28925802f00ece2bab288"
url = "https://github.com/kubernetes-sigs/kustomize/releases/download/kustomize/v5.8.1/kustomize_v5.8.1_darwin_arm64.tar.gz"

[tools.kustomize."platforms.macos-x64"]
checksum = "sha256:ee7cf0c1e3592aa7bb66ba82b359933a95e7f2e0b36e5f53ed0a4535b017f2f8"
url = "https://github.com/kubernetes-sigs/kustomize/releases/download/kustomize/v5.8.1/kustomize_v5.8.1_darwin_amd64.tar.gz"

[[tools.promtool]]
version = "3.13.0"
backend = "aqua:prometheus/prometheus"

[tools.promtool."platforms.linux-arm64"]
checksum = "sha256:c11fbff0fde0e357e4cfcf2ec74b83d5475301da7e6777c6d7b6aa6d06a410f7"
url = "https://github.com/prometheus/prometheus/releases/download/v3.13.0/prometheus-3.13.0.linux-arm64.tar.gz"

[tools.promtool."platforms.linux-x64"]
checksum = "sha256:744d93324cc024d82089921737bd797474d7f1e5dbbfd1c6b387bad258538cb9"
url = "https://github.com/prometheus/prometheus/releases/download/v3.13.0/prometheus-3.13.0.linux-amd64.tar.gz"

[tools.promtool."platforms.macos-arm64"]
checksum = "sha256:151e59d73b28ae9ff1dadee8ffb221f65de0435051597a01e77a3c95b3438269"
url = "https://github.com/prometheus/prometheus/releases/download/v3.13.0/prometheus-3.13.0.darwin-arm64.tar.gz"

[[tools.setup-envtest]]
version = "0.24.1"
backend = "aqua:kubernetes-sigs/controller-runtime/setup-envtest"

[tools.setup-envtest."platforms.linux-arm64"]
checksum = "sha256:c5d8968ec3f2a120b66bc13bd36f80fe4150c34aae7cc491bf9624c8680296c7"
url = "https://github.com/kubernetes-sigs/controller-runtime/releases/download/v0.24.1/setup-envtest-linux-arm64"

[tools.setup-envtest."platforms.linux-x64"]
checksum = "sha256:a9a78fadfc338a38188332f36863c76877f1c86df1a83d2241d2bfc3935297d2"
url = "https://github.com/kubernetes-sigs/controller-runtime/releases/download/v0.24.1/setup-envtest-linux-amd64"

[tools.setup-envtest."platforms.macos-arm64"]
checksum = "sha256:7e59a0d526f6946aa2f114d34b2e309639c811f3a4f83d56f37b6e3197c6fdfb"
url = "https://github.com/kubernetes-sigs/controller-runtime/releases/download/v0.24.1/setup-envtest-darwin-arm64"

[tools.setup-envtest."platforms.macos-x64"]
checksum = "sha256:3fb17f2b1b0f09b7e5395180bd2bcb1d53bb78d72bb0415106b7ae8bf64e23d0"
url = "https://github.com/kubernetes-sigs/controller-runtime/releases/download/v0.24.1/setup-envtest-darwin-amd64"
